// !$*UTF8*$!
{
	archiveVersion = 1;
	classes = {
	};
	objectVersion = 56;
	objects = {

/* Begin PBXBuildFile section */
		731341842932345100D5212B /* ToDoData.xcdatamodeld in Sources */ = {isa = PBXBuildFile; fileRef = 731341822932345100D5212B /* ToDoData.xcdatamodeld */; };
		73134186293236AB00D5212B /* DataManager.swift in Sources */ = {isa = PBXBuildFile; fileRef = 73134185293236AB00D5212B /* DataManager.swift */; };
		73D0A662291C14AA002FA26C /* AppDelegate.swift in Sources */ = {isa = PBXBuildFile; fileRef = 73D0A661291C14AA002FA26C /* AppDelegate.swift */; };
		73D0A664291C14AA002FA26C /* SceneDelegate.swift in Sources */ = {isa = PBXBuildFile; fileRef = 73D0A663291C14AA002FA26C /* SceneDelegate.swift */; };
		73D0A666291C14AA002FA26C /* ViewController.swift in Sources */ = {isa = PBXBuildFile; fileRef = 73D0A665291C14AA002FA26C /* ViewController.swift */; };
		73D0A669291C14AA002FA26C /* Main.storyboard in Resources */ = {isa = PBXBuildFile; fileRef = 73D0A667291C14AA002FA26C /* Main.storyboard */; };
		73D0A66B291C14AB002FA26C /* Assets.xcassets in Resources */ = {isa = PBXBuildFile; fileRef = 73D0A66A291C14AB002FA26C /* Assets.xcassets */; };
		73D0A66E291C14AB002FA26C /* LaunchScreen.storyboard in Resources */ = {isa = PBXBuildFile; fileRef = 73D0A66C291C14AB002FA26C /* LaunchScreen.storyboard */; };
		73D0A676291C9224002FA26C /* SwitchEditTableViewCell.swift in Sources */ = {isa = PBXBuildFile; fileRef = 73D0A675291C9224002FA26C /* SwitchEditTableViewCell.swift */; };
		73D0A678291C972C002FA26C /* ToDoTasks.swift in Sources */ = {isa = PBXBuildFile; fileRef = 73D0A677291C972C002FA26C /* ToDoTasks.swift */; };
		73D0A67A291CC03C002FA26C /* CreateToDoViewController.swift in Sources */ = {isa = PBXBuildFile; fileRef = 73D0A679291CC03C002FA26C /* CreateToDoViewController.swift */; };
		73D0A67C291CC05A002FA26C /* UpdateToDoViewController.swift in Sources */ = {isa = PBXBuildFile; fileRef = 73D0A67B291CC05A002FA26C /* UpdateToDoViewController.swift */; };
/* End PBXBuildFile section */

/* Begin PBXFileReference section */
		731341832932345100D5212B /* ToDoData.xcdatamodel */ = {isa = PBXFileReference; lastKnownFileType = wrapper.xcdatamodel; path = ToDoData.xcdatamodel; sourceTree = "<group>"; };
		73134185293236AB00D5212B /* DataManager.swift */ = {isa = PBXFileReference; lastKnownFileType = sourcecode.swift; path = DataManager.swift; sourceTree = "<group>"; };
		73D0A65E291C14AA002FA26C /* Assignment2-ToDoListApp_Group12.app */ = {isa = PBXFileReference; explicitFileType = wrapper.application; includeInIndex = 0; path = "Assignment2-ToDoListApp_Group12.app"; sourceTree = BUILT_PRODUCTS_DIR; };
		73D0A661291C14AA002FA26C /* AppDelegate.swift */ = {isa = PBXFileReference; lastKnownFileType = sourcecode.swift; path = AppDelegate.swift; sourceTree = "<group>"; };
		73D0A663291C14AA002FA26C /* SceneDelegate.swift */ = {isa = PBXFileReference; lastKnownFileType = sourcecode.swift; path = SceneDelegate.swift; sourceTree = "<group>"; };
		73D0A665291C14AA002FA26C /* ViewController.swift */ = {isa = PBXFileReference; lastKnownFileType = sourcecode.swift; path = ViewController.swift; sourceTree = "<group>"; };
		73D0A668291C14AA002FA26C /* Base */ = {isa = PBXFileReference; lastKnownFileType = file.storyboard; name = Base; path = Base.lproj/Main.storyboard; sourceTree = "<group>"; };
		73D0A66A291C14AB002FA26C /* Assets.xcassets */ = {isa = PBXFileReference; lastKnownFileType = folder.assetcatalog; path = Assets.xcassets; sourceTree = "<group>"; };
		73D0A66D291C14AB002FA26C /* Base */ = {isa = PBXFileReference; lastKnownFileType = file.storyboard; name = Base; path = Base.lproj/LaunchScreen.storyboard; sourceTree = "<group>"; };
		73D0A66F291C14AB002FA26C /* Info.plist */ = {isa = PBXFileReference; lastKnownFileType = text.plist.xml; path = Info.plist; sourceTree = "<group>"; };
		73D0A675291C9224002FA26C /* SwitchEditTableViewCell.swift */ = {isa = PBXFileReference; lastKnownFileType = sourcecode.swift; path = SwitchEditTableViewCell.swift; sourceTree = "<group>"; };
		73D0A677291C972C002FA26C /* ToDoTasks.swift */ = {isa = PBXFileReference; lastKnownFileType = sourcecode.swift; path = ToDoTasks.swift; sourceTree = "<group>"; };
		73D0A679291CC03C002FA26C /* CreateToDoViewController.swift */ = {isa = PBXFileReference; lastKnownFileType = sourcecode.swift; path = CreateToDoViewController.swift; sourceTree = "<group>"; };
		73D0A67B291CC05A002FA26C /* UpdateToDoViewController.swift */ = {isa = PBXFileReference; lastKnownFileType = sourcecode.swift; path = UpdateToDoViewController.swift; sourceTree = "<group>"; };
/* End PBXFileReference section */

/* Begin PBXFrameworksBuildPhase section */
		73D0A65B291C14AA002FA26C /* Frameworks */ = {
			isa = PBXFrameworksBuildPhase;
			buildActionMask = 2147483647;
			files = (
			);
			runOnlyForDeploymentPostprocessing = 0;
		};
/* End PBXFrameworksBuildPhase section */

/* Begin PBXGroup section */
		73D0A655291C14AA002FA26C = {
			isa = PBXGroup;
			children = (
				73D0A660291C14AA002FA26C /* Assignment2-ToDoListApp_Group12 */,
				73D0A65F291C14AA002FA26C /* Products */,
			);
			sourceTree = "<group>";
		};
		73D0A65F291C14AA002FA26C /* Products */ = {
			isa = PBXGroup;
			children = (
				73D0A65E291C14AA002FA26C /* Assignment2-ToDoListApp_Group12.app */,
			);
			name = Products;
			sourceTree = "<group>";
		};
		73D0A660291C14AA002FA26C /* Assignment2-ToDoListApp_Group12 */ = {
			isa = PBXGroup;
			children = (
				73D0A661291C14AA002FA26C /* AppDelegate.swift */,
				73134185293236AB00D5212B /* DataManager.swift */,
				73D0A663291C14AA002FA26C /* SceneDelegate.swift */,
				73D0A665291C14AA002FA26C /* ViewController.swift */,
				73D0A667291C14AA002FA26C /* Main.storyboard */,
				73D0A66A291C14AB002FA26C /* Assets.xcassets */,
				73D0A66C291C14AB002FA26C /* LaunchScreen.storyboard */,
				73D0A66F291C14AB002FA26C /* Info.plist */,
				73D0A675291C9224002FA26C /* SwitchEditTableViewCell.swift */,
				73D0A677291C972C002FA26C /* ToDoTasks.swift */,
				73D0A679291CC03C002FA26C /* CreateToDoViewController.swift */,
				73D0A67B291CC05A002FA26C /* UpdateToDoViewController.swift */,
				731341822932345100D5212B /* ToDoData.xcdatamodeld */,
			);
			path = "Assignment2-ToDoListApp_Group12";
			sourceTree = "<group>";
		};
/* End PBXGroup section */

/* Begin PBXNativeTarget section */
		73D0A65D291C14AA002FA26C /* Assignment2-ToDoListApp_Group12 */ = {
			isa = PBXNativeTarget;
			buildConfigurationList = 73D0A672291C14AB002FA26C /* Build configuration list for PBXNativeTarget "Assignment2-ToDoListApp_Group12" */;
			buildPhases = (
				73D0A65A291C14AA002FA26C /* Sources */,
				73D0A65B291C14AA002FA26C /* Frameworks */,
				73D0A65C291C14AA002FA26C /* Resources */,
			);
			buildRules = (
			);
			dependencies = (
			);
			name = "Assignment2-ToDoListApp_Group12";
			productName = "Assignment2-ToDoListApp_Group12";
			productReference = 73D0A65E291C14AA002FA26C /* Assignment2-ToDoListApp_Group12.app */;
			productType = "com.apple.product-type.application";
		};
/* End PBXNativeTarget section */

/* Begin PBXProject section */
		73D0A656291C14AA002FA26C /* Project object */ = {
			isa = PBXProject;
			attributes = {
				BuildIndependentTargetsInParallel = 1;
				LastSwiftUpdateCheck = 1410;
				LastUpgradeCheck = 1410;
				TargetAttributes = {
					73D0A65D291C14AA002FA26C = {
						CreatedOnToolsVersion = 14.1;
					};
				};
			};
			buildConfigurationList = 73D0A659291C14AA002FA26C /* Build configuration list for PBXProject "Assignment2-ToDoListApp_Group12" */;
			compatibilityVersion = "Xcode 14.0";
			developmentRegion = en;
			hasScannedForEncodings = 0;
			knownRegions = (
				en,
				Base,
			);
			mainGroup = 73D0A655291C14AA002FA26C;
			productRefGroup = 73D0A65F291C14AA002FA26C /* Products */;
			projectDirPath = "";
			projectRoot = "";
			targets = (
				73D0A65D291C14AA002FA26C /* Assignment2-ToDoListApp_Group12 */,
			);
		};
/* End PBXProject section */

/* Begin PBXResourcesBuildPhase section */
		73D0A65C291C14AA002FA26C /* Resources */ = {
			isa = PBXResourcesBuildPhase;
			buildActionMask = 2147483647;
			files = (
				73D0A66E291C14AB002FA26C /* LaunchScreen.storyboard in Resources */,
				73D0A66B291C14AB002FA26C /* Assets.xcassets in Resources */,
				73D0A669291C14AA002FA26C /* Main.storyboard in Resources */,
			);
			runOnlyForDeploymentPostprocessing = 0;
		};
/* End PBXResourcesBuildPhase section */

/* Begin PBXSourcesBuildPhase section */
		73D0A65A291C14AA002FA26C /* Sources */ = {
			isa = PBXSourcesBuildPhase;
			buildActionMask = 2147483647;
			files = (
				73D0A678291C972C002FA26C /* ToDoTasks.swift in Sources */,
				73D0A666291C14AA002FA26C /* ViewController.swift in Sources */,
				73D0A67A291CC03C002FA26C /* CreateToDoViewController.swift in Sources */,
				73D0A662291C14AA002FA26C /* AppDelegate.swift in Sources */,
				73D0A664291C14AA002FA26C /* SceneDelegate.swift in Sources */,
				731341842932345100D5212B /* ToDoData.xcdatamodeld in Sources */,
				73D0A67C291CC05A002FA26C /* UpdateToDoViewController.swift in Sources */,
				73134186293236AB00D5212B /* DataManager.swift in Sources */,
				73D0A676291C9224002FA26C /* SwitchEditTableViewCell.swift in Sources */,
			);
			runOnlyForDeploymentPostprocessing = 0;
		};
/* End PBXSourcesBuildPhase section */

/* Begin PBXVariantGroup section */
		73D0A667291C14AA002FA26C /* Main.storyboard */ = {
			isa = PBXVariantGroup;
			children = (
				73D0A668291C14AA002FA26C /* Base */,
			);
			name = Main.storyboard;
			sourceTree = "<group>";
		};
		73D0A66C291C14AB002FA26C /* LaunchScreen.storyboard */ = {
			isa = PBXVariantGroup;
			children = (
				73D0A66D291C14AB002FA26C /* Base */,
			);
			name = LaunchScreen.storyboard;
			sourceTree = "<group>";
		};
/* End PBXVariantGroup section */

/* Begin XCBuildConfiguration section */
		73D0A670291C14AB002FA26C /* Debug */ = {
			isa = XCBuildConfiguration;
			buildSettings = {
				ALWAYS_SEARCH_USER_PATHS = NO;
				CLANG_ANALYZER_NONNULL = YES;
				CLANG_ANALYZER_NUMBER_OBJECT_CONVERSION = YES_AGGRESSIVE;
				CLANG_CXX_LANGUAGE_STANDARD = "gnu++20";
				CLANG_ENABLE_MODULES = YES;
				CLANG_ENABLE_OBJC_ARC = YES;
				CLANG_ENABLE_OBJC_WEAK = YES;
				CLANG_WARN_BLOCK_CAPTURE_AUTORELEASING = YES;
				CLANG_WARN_BOOL_CONVERSION = YES;
				CLANG_WARN_COMMA = YES;
				CLANG_WARN_CONSTANT_CONVERSION = YES;
				CLANG_WARN_DEPRECATED_OBJC_IMPLEMENTATIONS = YES;
				CLANG_WARN_DIRECT_OBJC_ISA_USAGE = YES_ERROR;
				CLANG_WARN_DOCUMENTATION_COMMENTS = YES;
				CLANG_WARN_EMPTY_BODY = YES;
				CLANG_WARN_ENUM_CONVERSION = YES;
				CLANG_WARN_INFINITE_RECURSION = YES;
				CLANG_WARN_INT_CONVERSION = YES;
				CLANG_WARN_NON_LITERAL_NULL_CONVERSION = YES;
				CLANG_WARN_OBJC_IMPLICIT_RETAIN_SELF = YES;
				CLANG_WARN_OBJC_LITERAL_CONVERSION = YES;
				CLANG_WARN_OBJC_ROOT_CLASS = YES_ERROR;
				CLANG_WARN_QUOTED_INCLUDE_IN_FRAMEWORK_HEADER = YES;
				CLANG_WARN_RANGE_LOOP_ANALYSIS = YES;
				CLANG_WARN_STRICT_PROTOTYPES = YES;
				CLANG_WARN_SUSPICIOUS_MOVE = YES;
				CLANG_WARN_UNGUARDED_AVAILABILITY = YES_AGGRESSIVE;
				CLANG_WARN_UNREACHABLE_CODE = YES;
				CLANG_WARN__DUPLICATE_METHOD_MATCH = YES;
				COPY_PHASE_STRIP = NO;
				DEBUG_INFORMATION_FORMAT = dwarf;
				ENABLE_STRICT_OBJC_MSGSEND = YES;
				ENABLE_TESTABILITY = YES;
				GCC_C_LANGUAGE_STANDARD = gnu11;
				GCC_DYNAMIC_NO_PIC = NO;
				GCC_NO_COMMON_BLOCKS = YES;
				GCC_OPTIMIZATION_LEVEL = 0;
				GCC_PREPROCESSOR_DEFINITIONS = (
					"DEBUG=1",
					"$(inherited)",
				);
				GCC_WARN_64_TO_32_BIT_CONVERSION = YES;
				GCC_WARN_ABOUT_RETURN_TYPE = YES_ERROR;
				GCC_WARN_UNDECLARED_SELECTOR = YES;
				GCC_WARN_UNINITIALIZED_AUTOS = YES_AGGRESSIVE;
				GCC_WARN_UNUSED_FUNCTION = YES;
				GCC_WARN_UNUSED_VARIABLE = YES;
				IPHONEOS_DEPLOYMENT_TARGET = 16.1;
				MTL_ENABLE_DEBUG_INFO = INCLUDE_SOURCE;
				MTL_FAST_MATH = YES;
				ONLY_ACTIVE_ARCH = YES;
				SDKROOT = iphoneos;
				SWIFT_ACTIVE_COMPILATION_CONDITIONS = DEBUG;
				SWIFT_OPTIMIZATION_LEVEL = "-Onone";
			};
			name = Debug;
		};
		73D0A671291C14AB002FA26C /* Release */ = {
			isa = XCBuildConfiguration;
			buildSettings = {
				ALWAYS_SEARCH_USER_PATHS = NO;
				CLANG_ANALYZER_NONNULL = YES;
				CLANG_ANALYZER_NUMBER_OBJECT_CONVERSION = YES_AGGRESSIVE;
				CLANG_CXX_LANGUAGE_STANDARD = "gnu++20";
				CLANG_ENABLE_MODULES = YES;
				CLANG_ENABLE_OBJC_ARC = YES;
				CLANG_ENABLE_OBJC_WEAK = YES;
				CLANG_WARN_BLOCK_CAPTURE_AUTORELEASING = YES;
				CLANG_WARN_BOOL_CONVERSION = YES;
				CLANG_WARN_COMMA = YES;
				CLANG_WARN_CONSTANT_CONVERSION = YES;
				CLANG_WARN_DEPRECATED_OBJC_IMPLEMENTATIONS = YES;
				CLANG_WARN_DIRECT_OBJC_ISA_USAGE = YES_ERROR;
				CLANG_WARN_DOCUMENTATION_COMMENTS = YES;
				CLANG_WARN_EMPTY_BODY = YES;
				CLANG_WARN_ENUM_CONVERSION = YES;
				CLANG_WARN_INFINITE_RECURSION = YES;
				CLANG_WARN_INT_CONVERSION = YES;
				CLANG_WARN_NON_LITERAL_NULL_CONVERSION = YES;
				CLANG_WARN_OBJC_IMPLICIT_RETAIN_SELF = YES;
				CLANG_WARN_OBJC_LITERAL_CONVERSION = YES;
				CLANG_WARN_OBJC_ROOT_CLASS = YES_ERROR;
				CLANG_WARN_QUOTED_INCLUDE_IN_FRAMEWORK_HEADER = YES;
				CLANG_WARN_RANGE_LOOP_ANALYSIS = YES;
				CLANG_WARN_STRICT_PROTOTYPES = YES;
				CLANG_WARN_SUSPICIOUS_MOVE = YES;
				CLANG_WARN_UNGUARDED_AVAILABILITY = YES_AGGRESSIVE;
				CLANG_WARN_UNREACHABLE_CODE = YES;
				CLANG_WARN__DUPLICATE_METHOD_MATCH = YES;
				COPY_PHASE_STRIP = NO;
				DEBUG_INFORMATION_FORMAT = "dwarf-with-dsym";
				ENABLE_NS_ASSERTIONS = NO;
				ENABLE_STRICT_OBJC_MSGSEND = YES;
				GCC_C_LANGUAGE_STANDARD = gnu11;
				GCC_NO_COMMON_BLOCKS = YES;
				GCC_WARN_64_TO_32_BIT_CONVERSION = YES;
				GCC_WARN_ABOUT_RETURN_TYPE = YES_ERROR;
				GCC_WARN_UNDECLARED_SELECTOR = YES;
				GCC_WARN_UNINITIALIZED_AUTOS = YES_AGGRESSIVE;
				GCC_WARN_UNUSED_FUNCTION = YES;
				GCC_WARN_UNUSED_VARIABLE = YES;
				IPHONEOS_DEPLOYMENT_TARGET = 16.1;
				MTL_ENABLE_DEBUG_INFO = NO;
				MTL_FAST_MATH = YES;
				SDKROOT = iphoneos;
				SWIFT_COMPILATION_MODE = wholemodule;
				SWIFT_OPTIMIZATION_LEVEL = "-O";
				VALIDATE_PRODUCT = YES;
			};
			name = Release;
		};
		73D0A673291C14AB002FA26C /* Debug */ = {
			isa = XCBuildConfiguration;
			buildSettings = {
				ASSETCATALOG_COMPILER_APPICON_NAME = AppIcon;
				ASSETCATALOG_COMPILER_GLOBAL_ACCENT_COLOR_NAME = AccentColor;
				CODE_SIGN_STYLE = Automatic;
				CURRENT_PROJECT_VERSION = 1;
				DEVELOPMENT_TEAM = 5GLSY64466;
				GENERATE_INFOPLIST_FILE = YES;
				INFOPLIST_FILE = "Assignment2-ToDoListApp_Group12/Info.plist";
				INFOPLIST_KEY_UIApplicationSupportsIndirectInputEvents = YES;
				INFOPLIST_KEY_UILaunchStoryboardName = LaunchScreen;
				INFOPLIST_KEY_UIMainStoryboardFile = Main;
				INFOPLIST_KEY_UISupportedInterfaceOrientations = "UIInterfaceOrientationLandscapeLeft UIInterfaceOrientationLandscapeRight UIInterfaceOrientationPortrait";
				LD_RUNPATH_SEARCH_PATHS = (
					"$(inherited)",
					"@executable_path/Frameworks",
				);
				MARKETING_VERSION = 1.0;
				PRODUCT_BUNDLE_IDENTIFIER = "ca.centennialcollege.Assignment2-ToDoListApp-Group12";
				PRODUCT_NAME = "$(TARGET_NAME)";
				SUPPORTED_PLATFORMS = "iphoneos iphonesimulator";
				SUPPORTS_MACCATALYST = NO;
				SUPPORTS_MAC_DESIGNED_FOR_IPHONE_IPAD = NO;
				SWIFT_EMIT_LOC_STRINGS = YES;
				SWIFT_VERSION = 5.0;
				TARGETED_DEVICE_FAMILY = 1;
			};
			name = Debug;
		};
		73D0A674291C14AB002FA26C /* Release */ = {
			isa = XCBuildConfiguration;
			buildSettings = {
				ASSETCATALOG_COMPILER_APPICON_NAME = AppIcon;
				ASSETCATALOG_COMPILER_GLOBAL_ACCENT_COLOR_NAME = AccentColor;
				CODE_SIGN_STYLE = Automatic;
				CURRENT_PROJECT_VERSION = 1;
				DEVELOPMENT_TEAM = 5GLSY64466;
				GENERATE_INFOPLIST_FILE = YES;
				INFOPLIST_FILE = "Assignment2-ToDoListApp_Group12/Info.plist";
				INFOPLIST_KEY_UIApplicationSupportsIndirectInputEvents = YES;
				INFOPLIST_KEY_UILaunchStoryboardName = LaunchScreen;
				INFOPLIST_KEY_UIMainStoryboardFile = Main;
				INFOPLIST_KEY_UISupportedInterfaceOrientations = "UIInterfaceOrientationLandscapeLeft UIInterfaceOrientationLandscapeRight UIInterfaceOrientationPortrait";
				LD_RUNPATH_SEARCH_PATHS = (
					"$(inherited)",
					"@executable_path/Frameworks",
				);
				MARKETING_VERSION = 1.0;
				PRODUCT_BUNDLE_IDENTIFIER = "ca.centennialcollege.Assignment2-ToDoListApp-Group12";
				PRODUCT_NAME = "$(TARGET_NAME)";
				SUPPORTED_PLATFORMS = "iphoneos iphonesimulator";
				SUPPORTS_MACCATALYST = NO;
				SUPPORTS_MAC_DESIGNED_FOR_IPHONE_IPAD = NO;
				SWIFT_EMIT_LOC_STRINGS = YES;
				SWIFT_VERSION = 5.0;
				TARGETED_DEVICE_FAMILY = 1;
			};
			name = Release;
		};
/* End XCBuildConfiguration section */

/* Begin XCConfigurationList section */
		73D0A659291C14AA002FA26C /* Build configuration list for PBXProject "Assignment2-ToDoListApp_Group12" */ = {
			isa = XCConfigurationList;
			buildConfigurations = (
				73D0A670291C14AB002FA26C /* Debug */,
				73D0A671291C14AB002FA26C /* Release */,
			);
			defaultConfigurationIsVisible = 0;
			defaultConfigurationName = Release;
		};
		73D0A672291C14AB002FA26C /* Build configuration list for PBXNativeTarget "Assignment2-ToDoListApp_Group12" */ = {
			isa = XCConfigurationList;
			buildConfigurations = (
				73D0A673291C14AB002FA26C /* Debug */,
				73D0A674291C14AB002FA26C /* Release */,
			);
			defaultConfigurationIsVisible = 0;
			defaultConfigurationName = Release;
		};
/* End XCConfigurationList section */

/* Begin XCVersionGroup section */
		731341822932345100D5212B /* ToDoData.xcdatamodeld */ = {
			isa = XCVersionGroup;
			children = (
				731341832932345100D5212B /* ToDoData.xcdatamodel */,
			);
			currentVersion = 731341832932345100D5212B /* ToDoData.xcdatamodel */;
			path = ToDoData.xcdatamodeld;
			sourceTree = "<group>";
			versionGroupType = wrapper.xcdatamodel;
		};
/* End XCVersionGroup section */
	};
	rootObject = 73D0A656291C14AA002FA26C /* Project object */;
}
